// !$*UTF8*$!
{
	archiveVersion = 1;
	classes = {
	};
	objectVersion = 50;
	objects = {

/* Begin PBXBuildFile section */
		7641655D24E6CC2A00B7D0EF /* AppDelegate.swift in Sources */ = {isa = PBXBuildFile; fileRef = 7641655C24E6CC2A00B7D0EF /* AppDelegate.swift */; };
		7641655F24E6CC2A00B7D0EF /* SceneDelegate.swift in Sources */ = {isa = PBXBuildFile; fileRef = 7641655E24E6CC2A00B7D0EF /* SceneDelegate.swift */; };
		7641656124E6CC2A00B7D0EF /* ViewController.swift in Sources */ = {isa = PBXBuildFile; fileRef = 7641656024E6CC2A00B7D0EF /* ViewController.swift */; };
		7641656424E6CC2A00B7D0EF /* Main.storyboard in Resources */ = {isa = PBXBuildFile; fileRef = 7641656224E6CC2A00B7D0EF /* Main.storyboard */; };
		7641656624E6CC2D00B7D0EF /* Assets.xcassets in Resources */ = {isa = PBXBuildFile; fileRef = 7641656524E6CC2D00B7D0EF /* Assets.xcassets */; };
		7641656924E6CC2D00B7D0EF /* LaunchScreen.storyboard in Resources */ = {isa = PBXBuildFile; fileRef = 7641656724E6CC2D00B7D0EF /* LaunchScreen.storyboard */; };
		7641657424E6CC2D00B7D0EF /* dicTests.swift in Sources */ = {isa = PBXBuildFile; fileRef = 7641657324E6CC2D00B7D0EF /* dicTests.swift */; };
		7641657F24E6CC2D00B7D0EF /* dicUITests.swift in Sources */ = {isa = PBXBuildFile; fileRef = 7641657E24E6CC2D00B7D0EF /* dicUITests.swift */; };
/* End PBXBuildFile section */

/* Begin PBXContainerItemProxy section */
		7641657024E6CC2D00B7D0EF /* PBXContainerItemProxy */ = {
			isa = PBXContainerItemProxy;
			containerPortal = 7641655124E6CC2A00B7D0EF /* Project object */;
			proxyType = 1;
			remoteGlobalIDString = 7641655824E6CC2A00B7D0EF;
			remoteInfo = dic;
		};
		7641657B24E6CC2D00B7D0EF /* PBXContainerItemProxy */ = {
			isa = PBXContainerItemProxy;
			containerPortal = 7641655124E6CC2A00B7D0EF /* Project object */;
			proxyType = 1;
			remoteGlobalIDString = 7641655824E6CC2A00B7D0EF;
			remoteInfo = dic;
		};
/* End PBXContainerItemProxy section */

/* Begin PBXFileReference section */
		7641655924E6CC2A00B7D0EF /* dic.app */ = {isa = PBXFileReference; explicitFileType = wrapper.application; includeInIndex = 0; path = dic.app; sourceTree = BUILT_PRODUCTS_DIR; };
		7641655C24E6CC2A00B7D0EF /* AppDelegate.swift */ = {isa = PBXFileReference; lastKnownFileType = sourcecode.swift; path = AppDelegate.swift; sourceTree = "<group>"; };
		7641655E24E6CC2A00B7D0EF /* SceneDelegate.swift */ = {isa = PBXFileReference; lastKnownFileType = sourcecode.swift; path = SceneDelegate.swift; sourceTree = "<group>"; };
		7641656024E6CC2A00B7D0EF /* ViewController.swift */ = {isa = PBXFileReference; lastKnownFileType = sourcecode.swift; path = ViewController.swift; sourceTree = "<group>"; };
		7641656324E6CC2A00B7D0EF /* Base */ = {isa = PBXFileReference; lastKnownFileType = file.storyboard; name = Base; path = Base.lproj/Main.storyboard; sourceTree = "<group>"; };
		7641656524E6CC2D00B7D0EF /* Assets.xcassets */ = {isa = PBXFileReference; lastKnownFileType = folder.assetcatalog; path = Assets.xcassets; sourceTree = "<group>"; };
		7641656824E6CC2D00B7D0EF /* Base */ = {isa = PBXFileReference; lastKnownFileType = file.storyboard; name = Base; path = Base.lproj/LaunchScreen.storyboard; sourceTree = "<group>"; };
		7641656A24E6CC2D00B7D0EF /* Info.plist */ = {isa = PBXFileReference; lastKnownFileType = text.plist.xml; path = Info.plist; sourceTree = "<group>"; };
		7641656F24E6CC2D00B7D0EF /* dicTests.xctest */ = {isa = PBXFileReference; explicitFileType = wrapper.cfbundle; includeInIndex = 0; path = dicTests.xctest; sourceTree = BUILT_PRODUCTS_DIR; };
		7641657324E6CC2D00B7D0EF /* dicTests.swift */ = {isa = PBXFileReference; lastKnownFileType = sourcecode.swift; path = dicTests.swift; sourceTree = "<group>"; };
		7641657524E6CC2D00B7D0EF /* Info.plist */ = {isa = PBXFileReference; lastKnownFileType = text.plist.xml; path = Info.plist; sourceTree = "<group>"; };
		7641657A24E6CC2D00B7D0EF /* dicUITests.xctest */ = {isa = PBXFileReference; explicitFileType = wrapper.cfbundle; includeInIndex = 0; path = dicUITests.xctest; sourceTree = BUILT_PRODUCTS_DIR; };
		7641657E24E6CC2D00B7D0EF /* dicUITests.swift */ = {isa = PBXFileReference; lastKnownFileType = sourcecode.swift; path = dicUITests.swift; sourceTree = "<group>"; };
		7641658024E6CC2D00B7D0EF /* Info.plist */ = {isa = PBXFileReference; lastKnownFileType = text.plist.xml; path = Info.plist; sourceTree = "<group>"; };
/* End PBXFileReference section */

/* Begin PBXFrameworksBuildPhase section */
		7641655624E6CC2A00B7D0EF /* Frameworks */ = {
			isa = PBXFrameworksBuildPhase;
			buildActionMask = 2147483647;
			files = (
			);
			runOnlyForDeploymentPostprocessing = 0;
		};
		7641656C24E6CC2D00B7D0EF /* Frameworks */ = {
			isa = PBXFrameworksBuildPhase;
			buildActionMask = 2147483647;
			files = (
			);
			runOnlyForDeploymentPostprocessing = 0;
		};
		7641657724E6CC2D00B7D0EF /* Frameworks */ = {
			isa = PBXFrameworksBuildPhase;
			buildActionMask = 2147483647;
			files = (
			);
			runOnlyForDeploymentPostprocessing = 0;
		};
/* End PBXFrameworksBuildPhase section */

/* Begin PBXGroup section */
		7641655024E6CC2A00B7D0EF = {
			isa = PBXGroup;
			children = (
				7641655B24E6CC2A00B7D0EF /* dic */,
				7641657224E6CC2D00B7D0EF /* dicTests */,
				7641657D24E6CC2D00B7D0EF /* dicUITests */,
				7641655A24E6CC2A00B7D0EF /* Products */,
			);
			sourceTree = "<group>";
		};
		7641655A24E6CC2A00B7D0EF /* Products */ = {
			isa = PBXGroup;
			children = (
				7641655924E6CC2A00B7D0EF /* dic.app */,
				7641656F24E6CC2D00B7D0EF /* dicTests.xctest */,
				7641657A24E6CC2D00B7D0EF /* dicUITests.xctest */,
			);
			name = Products;
			sourceTree = "<group>";
		};
		7641655B24E6CC2A00B7D0EF /* dic */ = {
			isa = PBXGroup;
			children = (
				7641655C24E6CC2A00B7D0EF /* AppDelegate.swift */,
				7641655E24E6CC2A00B7D0EF /* SceneDelegate.swift */,
				7641656024E6CC2A00B7D0EF /* ViewController.swift */,
				7641656224E6CC2A00B7D0EF /* Main.storyboard */,
				7641656524E6CC2D00B7D0EF /* Assets.xcassets */,
				7641656724E6CC2D00B7D0EF /* LaunchScreen.storyboard */,
				7641656A24E6CC2D00B7D0EF /* Info.plist */,
			);
			path = dic;
			sourceTree = "<group>";
		};
		7641657224E6CC2D00B7D0EF /* dicTests */ = {
			isa = PBXGroup;
			children = (
				7641657324E6CC2D00B7D0EF /* dicTests.swift */,
				7641657524E6CC2D00B7D0EF /* Info.plist */,
			);
			path = dicTests;
			sourceTree = "<group>";
		};
		7641657D24E6CC2D00B7D0EF /* dicUITests */ = {
			isa = PBXGroup;
			children = (
				7641657E24E6CC2D00B7D0EF /* dicUITests.swift */,
				7641658024E6CC2D00B7D0EF /* Info.plist */,
			);
			path = dicUITests;
			sourceTree = "<group>";
		};
/* End PBXGroup section */

/* Begin PBXNativeTarget section */
		7641655824E6CC2A00B7D0EF /* dic */ = {
			isa = PBXNativeTarget;
			buildConfigurationList = 7641658324E6CC2D00B7D0EF /* Build configuration list for PBXNativeTarget "dic" */;
			buildPhases = (
				7641655524E6CC2A00B7D0EF /* Sources */,
				7641655624E6CC2A00B7D0EF /* Frameworks */,
				7641655724E6CC2A00B7D0EF /* Resources */,
			);
			buildRules = (
			);
			dependencies = (
			);
			name = dic;
			productName = dic;
			productReference = 7641655924E6CC2A00B7D0EF /* dic.app */;
			productType = "com.apple.product-type.application";
		};
		7641656E24E6CC2D00B7D0EF /* dicTests */ = {
			isa = PBXNativeTarget;
			buildConfigurationList = 7641658624E6CC2D00B7D0EF /* Build configuration list for PBXNativeTarget "dicTests" */;
			buildPhases = (
				7641656B24E6CC2D00B7D0EF /* Sources */,
				7641656C24E6CC2D00B7D0EF /* Frameworks */,
				7641656D24E6CC2D00B7D0EF /* Resources */,
			);
			buildRules = (
			);
			dependencies = (
				7641657124E6CC2D00B7D0EF /* PBXTargetDependency */,
			);
			name = dicTests;
			productName = dicTests;
			productReference = 7641656F24E6CC2D00B7D0EF /* dicTests.xctest */;
			productType = "com.apple.product-type.bundle.unit-test";
		};
		7641657924E6CC2D00B7D0EF /* dicUITests */ = {
			isa = PBXNativeTarget;
			buildConfigurationList = 7641658924E6CC2D00B7D0EF /* Build configuration list for PBXNativeTarget "dicUITests" */;
			buildPhases = (
				7641657624E6CC2D00B7D0EF /* Sources */,
				7641657724E6CC2D00B7D0EF /* Frameworks */,
				7641657824E6CC2D00B7D0EF /* Resources */,
			);
			buildRules = (
			);
			dependencies = (
				7641657C24E6CC2D00B7D0EF /* PBXTargetDependency */,
			);
			name = dicUITests;
			productName = dicUITests;
			productReference = 7641657A24E6CC2D00B7D0EF /* dicUITests.xctest */;
			productType = "com.apple.product-type.bundle.ui-testing";
		};
/* End PBXNativeTarget section */

/* Begin PBXProject section */
		7641655124E6CC2A00B7D0EF /* Project object */ = {
			isa = PBXProject;
			attributes = {
				LastSwiftUpdateCheck = 1100;
				LastUpgradeCheck = 1100;
				ORGANIZATIONNAME = Indium;
				TargetAttributes = {
					7641655824E6CC2A00B7D0EF = {
						CreatedOnToolsVersion = 11.0;
					};
					7641656E24E6CC2D00B7D0EF = {
						CreatedOnToolsVersion = 11.0;
						TestTargetID = 7641655824E6CC2A00B7D0EF;
					};
					7641657924E6CC2D00B7D0EF = {
						CreatedOnToolsVersion = 11.0;
						TestTargetID = 7641655824E6CC2A00B7D0EF;
					};
				};
			};
			buildConfigurationList = 7641655424E6CC2A00B7D0EF /* Build configuration list for PBXProject "dic" */;
			compatibilityVersion = "Xcode 9.3";
			developmentRegion = en;
			hasScannedForEncodings = 0;
			knownRegions = (
				en,
				Base,
			);
			mainGroup = 7641655024E6CC2A00B7D0EF;
			productRefGroup = 7641655A24E6CC2A00B7D0EF /* Products */;
			projectDirPath = "";
			projectRoot = "";
			targets = (
				7641655824E6CC2A00B7D0EF /* dic */,
				7641656E24E6CC2D00B7D0EF /* dicTests */,
				7641657924E6CC2D00B7D0EF /* dicUITests */,
			);
		};
/* End PBXProject section */

/* Begin PBXResourcesBuildPhase section */
		7641655724E6CC2A00B7D0EF /* Resources */ = {
			isa = PBXResourcesBuildPhase;
			buildActionMask = 2147483647;
			files = (
				7641656924E6CC2D00B7D0EF /* LaunchScreen.storyboard in Resources */,
				7641656624E6CC2D00B7D0EF /* Assets.xcassets in Resources */,
				7641656424E6CC2A00B7D0EF /* Main.storyboard in Resources */,
			);
			runOnlyForDeploymentPostprocessing = 0;
		};
		7641656D24E6CC2D00B7D0EF /* Resources */ = {
			isa = PBXResourcesBuildPhase;
			buildActionMask = 2147483647;
			files = (
			);
			runOnlyForDeploymentPostprocessing = 0;
		};
		7641657824E6CC2D00B7D0EF /* Resources */ = {
			isa = PBXResourcesBuildPhase;
			buildActionMask = 2147483647;
			files = (
			);
			runOnlyForDeploymentPostprocessing = 0;
		};
/* End PBXResourcesBuildPhase section */

/* Begin PBXSourcesBuildPhase section */
		7641655524E6CC2A00B7D0EF /* Sources */ = {
			isa = PBXSourcesBuildPhase;
			buildActionMask = 2147483647;
			files = (
				7641656124E6CC2A00B7D0EF /* ViewController.swift in Sources */,
				7641655D24E6CC2A00B7D0EF /* AppDelegate.swift in Sources */,
				7641655F24E6CC2A00B7D0EF /* SceneDelegate.swift in Sources */,
			);
			runOnlyForDeploymentPostprocessing = 0;
		};
		7641656B24E6CC2D00B7D0EF /* Sources */ = {
			isa = PBXSourcesBuildPhase;
			buildActionMask = 2147483647;
			files = (
				7641657424E6CC2D00B7D0EF /* dicTests.swift in Sources */,
			);
			runOnlyForDeploymentPostprocessing = 0;
		};
		7641657624E6CC2D00B7D0EF /* Sources */ = {
			isa = PBXSourcesBuildPhase;
			buildActionMask = 2147483647;
			files = (
				7641657F24E6CC2D00B7D0EF /* dicUITests.swift in Sources */,
			);
			runOnlyForDeploymentPostprocessing = 0;
		};
/* End PBXSourcesBuildPhase section */

/* Begin PBXTargetDependency section */
		7641657124E6CC2D00B7D0EF /* PBXTargetDependency */ = {
			isa = PBXTargetDependency;
			target = 7641655824E6CC2A00B7D0EF /* dic */;
			targetProxy = 7641657024E6CC2D00B7D0EF /* PBXContainerItemProxy */;
		};
		7641657C24E6CC2D00B7D0EF /* PBXTargetDependency */ = {
			isa = PBXTargetDependency;
			target = 7641655824E6CC2A00B7D0EF /* dic */;
			targetProxy = 7641657B24E6CC2D00B7D0EF /* PBXContainerItemProxy */;
		};
/* End PBXTargetDependency section */

/* Begin PBXVariantGroup section */
		7641656224E6CC2A00B7D0EF /* Main.storyboard */ = {
			isa = PBXVariantGroup;
			children = (
				7641656324E6CC2A00B7D0EF /* Base */,
			);
			name = Main.storyboard;
			sourceTree = "<group>";
		};
		7641656724E6CC2D00B7D0EF /* LaunchScreen.storyboard */ = {
			isa = PBXVariantGroup;
			children = (
				7641656824E6CC2D00B7D0EF /* Base */,
			);
			name = LaunchScreen.storyboard;
			sourceTree = "<group>";
		};
/* End PBXVariantGroup section */

/* Begin XCBuildConfiguration section */
		7641658124E6CC2D00B7D0EF /* Debug */ = {
			isa = XCBuildConfiguration;
			buildSettings = {
				ALWAYS_SEARCH_USER_PATHS = NO;
				CLANG_ANALYZER_NONNULL = YES;
				CLANG_ANALYZER_NUMBER_OBJECT_CONVERSION = YES_AGGRESSIVE;
				CLANG_CXX_LANGUAGE_STANDARD = "gnu++14";
				CLANG_CXX_LIBRARY = "libc++";
				CLANG_ENABLE_MODULES = YES;
				CLANG_ENABLE_OBJC_ARC = YES;
				CLANG_ENABLE_OBJC_WEAK = YES;
				CLANG_WARN_BLOCK_CAPTURE_AUTORELEASING = YES;
				CLANG_WARN_BOOL_CONVERSION = YES;
				CLANG_WARN_COMMA = YES;
				CLANG_WARN_CONSTANT_CONVERSION = YES;
				CLANG_WARN_DEPRECATED_OBJC_IMPLEMENTATIONS = YES;
				CLANG_WARN_DIRECT_OBJC_ISA_USAGE = YES_ERROR;
				CLANG_WARN_DOCUMENTATION_COMMENTS = YES;
				CLANG_WARN_EMPTY_BODY = YES;
				CLANG_WARN_ENUM_CONVERSION = YES;
				CLANG_WARN_INFINITE_RECURSION = YES;
				CLANG_WARN_INT_CONVERSION = YES;
				CLANG_WARN_NON_LITERAL_NULL_CONVERSION = YES;
				CLANG_WARN_OBJC_IMPLICIT_RETAIN_SELF = YES;
				CLANG_WARN_OBJC_LITERAL_CONVERSION = YES;
				CLANG_WARN_OBJC_ROOT_CLASS = YES_ERROR;
				CLANG_WARN_RANGE_LOOP_ANALYSIS = YES;
				CLANG_WARN_STRICT_PROTOTYPES = YES;
				CLANG_WARN_SUSPICIOUS_MOVE = YES;
				CLANG_WARN_UNGUARDED_AVAILABILITY = YES_AGGRESSIVE;
				CLANG_WARN_UNREACHABLE_CODE = YES;
				CLANG_WARN__DUPLICATE_METHOD_MATCH = YES;
				COPY_PHASE_STRIP = NO;
				DEBUG_INFORMATION_FORMAT = dwarf;
				ENABLE_STRICT_OBJC_MSGSEND = YES;
				ENABLE_TESTABILITY = YES;
				GCC_C_LANGUAGE_STANDARD = gnu11;
				GCC_DYNAMIC_NO_PIC = NO;
				GCC_NO_COMMON_BLOCKS = YES;
				GCC_OPTIMIZATION_LEVEL = 0;
				GCC_PREPROCESSOR_DEFINITIONS = (
					"DEBUG=1",
					"$(inherited)",
				);
				GCC_WARN_64_TO_32_BIT_CONVERSION = YES;
				GCC_WARN_ABOUT_RETURN_TYPE = YES_ERROR;
				GCC_WARN_UNDECLARED_SELECTOR = YES;
				GCC_WARN_UNINITIALIZED_AUTOS = YES_AGGRESSIVE;
				GCC_WARN_UNUSED_FUNCTION = YES;
				GCC_WARN_UNUSED_VARIABLE = YES;
				IPHONEOS_DEPLOYMENT_TARGET = 13.0;
				MTL_ENABLE_DEBUG_INFO = INCLUDE_SOURCE;
				MTL_FAST_MATH = YES;
				ONLY_ACTIVE_ARCH = YES;
				SDKROOT = iphoneos;
				SWIFT_ACTIVE_COMPILATION_CONDITIONS = DEBUG;
				SWIFT_OPTIMIZATION_LEVEL = "-Onone";
			};
			name = Debug;
		};
		7641658224E6CC2D00B7D0EF /* Release */ = {
			isa = XCBuildConfiguration;
			buildSettings = {
				ALWAYS_SEARCH_USER_PATHS = NO;
				CLANG_ANALYZER_NONNULL = YES;
				CLANG_ANALYZER_NUMBER_OBJECT_CONVERSION = YES_AGGRESSIVE;
				CLANG_CXX_LANGUAGE_STANDARD = "gnu++14";
				CLANG_CXX_LIBRARY = "libc++";
				CLANG_ENABLE_MODULES = YES;
				CLANG_ENABLE_OBJC_ARC = YES;
				CLANG_ENABLE_OBJC_WEAK = YES;
				CLANG_WARN_BLOCK_CAPTURE_AUTORELEASING = YES;
				CLANG_WARN_BOOL_CONVERSION = YES;
				CLANG_WARN_COMMA = YES;
				CLANG_WARN_CONSTANT_CONVERSION = YES;
				CLANG_WARN_DEPRECATED_OBJC_IMPLEMENTATIONS = YES;
				CLANG_WARN_DIRECT_OBJC_ISA_USAGE = YES_ERROR;
				CLANG_WARN_DOCUMENTATION_COMMENTS = YES;
				CLANG_WARN_EMPTY_BODY = YES;
				CLANG_WARN_ENUM_CONVERSION = YES;
				CLANG_WARN_INFINITE_RECURSION = YES;
				CLANG_WARN_INT_CONVERSION = YES;
				CLANG_WARN_NON_LITERAL_NULL_CONVERSION = YES;
				CLANG_WARN_OBJC_IMPLICIT_RETAIN_SELF = YES;
				CLANG_WARN_OBJC_LITERAL_CONVERSION = YES;
				CLANG_WARN_OBJC_ROOT_CLASS = YES_ERROR;
				CLANG_WARN_RANGE_LOOP_ANALYSIS = YES;
				CLANG_WARN_STRICT_PROTOTYPES = YES;
				CLANG_WARN_SUSPICIOUS_MOVE = YES;
				CLANG_WARN_UNGUARDED_AVAILABILITY = YES_AGGRESSIVE;
				CLANG_WARN_UNREACHABLE_CODE = YES;
				CLANG_WARN__DUPLICATE_METHOD_MATCH = YES;
				COPY_PHASE_STRIP = NO;
				DEBUG_INFORMATION_FORMAT = "dwarf-with-dsym";
				ENABLE_NS_ASSERTIONS = NO;
				ENABLE_STRICT_OBJC_MSGSEND = YES;
				GCC_C_LANGUAGE_STANDARD = gnu11;
				GCC_NO_COMMON_BLOCKS = YES;
				GCC_WARN_64_TO_32_BIT_CONVERSION = YES;
				GCC_WARN_ABOUT_RETURN_TYPE = YES_ERROR;
				GCC_WARN_UNDECLARED_SELECTOR = YES;
				GCC_WARN_UNINITIALIZED_AUTOS = YES_AGGRESSIVE;
				GCC_WARN_UNUSED_FUNCTION = YES;
				GCC_WARN_UNUSED_VARIABLE = YES;
				IPHONEOS_DEPLOYMENT_TARGET = 13.0;
				MTL_ENABLE_DEBUG_INFO = NO;
				MTL_FAST_MATH = YES;
				SDKROOT = iphoneos;
				SWIFT_COMPILATION_MODE = wholemodule;
				SWIFT_OPTIMIZATION_LEVEL = "-O";
				VALIDATE_PRODUCT = YES;
			};
			name = Release;
		};
		7641658424E6CC2D00B7D0EF /* Debug */ = {
			isa = XCBuildConfiguration;
			buildSettings = {
				ASSETCATALOG_COMPILER_APPICON_NAME = AppIcon;
				CODE_SIGN_STYLE = Automatic;
				INFOPLIST_FILE = dic/Info.plist;
				LD_RUNPATH_SEARCH_PATHS = (
					"$(inherited)",
					"@executable_path/Frameworks",
				);
				PRODUCT_BUNDLE_IDENTIFIER = com.indium.dic;
				PRODUCT_NAME = "$(TARGET_NAME)";
				SWIFT_VERSION = 5.0;
				TARGETED_DEVICE_FAMILY = "1,2";
			};
			name = Debug;
		};
		7641658524E6CC2D00B7D0EF /* Release */ = {
			isa = XCBuildConfiguration;
			buildSettings = {
				ASSETCATALOG_COMPILER_APPICON_NAME = AppIcon;
				CODE_SIGN_STYLE = Automatic;
				INFOPLIST_FILE = dic/Info.plist;
				LD_RUNPATH_SEARCH_PATHS = (
					"$(inherited)",
					"@executable_path/Frameworks",
				);
				PRODUCT_BUNDLE_IDENTIFIER = com.indium.dic;
				PRODUCT_NAME = "$(TARGET_NAME)";
				SWIFT_VERSION = 5.0;
				TARGETED_DEVICE_FAMILY = "1,2";
			};
			name = Release;
		};
		7641658724E6CC2D00B7D0EF /* Debug */ = {
			isa = XCBuildConfiguration;
			buildSettings = {
				ALWAYS_EMBED_SWIFT_STANDARD_LIBRARIES = YES;
				BUNDLE_LOADER = "$(TEST_HOST)";
				CODE_SIGN_STYLE = Automatic;
				INFOPLIST_FILE = dicTests/Info.plist;
				IPHONEOS_DEPLOYMENT_TARGET = 13.0;
				LD_RUNPATH_SEARCH_PATHS = (
					"$(inherited)",
					"@executable_path/Frameworks",
					"@loader_path/Frameworks",
				);
				PRODUCT_BUNDLE_IDENTIFIER = com.indium.dicTests;
				PRODUCT_NAME = "$(TARGET_NAME)";
				SWIFT_VERSION = 5.0;
				TARGETED_DEVICE_FAMILY = "1,2";
				TEST_HOST = "$(BUILT_PRODUCTS_DIR)/dic.app/dic";
			};
			name = Debug;
		};
		7641658824E6CC2D00B7D0EF /* Release */ = {
			isa = XCBuildConfiguration;
			buildSettings = {
				ALWAYS_EMBED_SWIFT_STANDARD_LIBRARIES = YES;
				BUNDLE_LOADER = "$(TEST_HOST)";
				CODE_SIGN_STYLE = Automatic;
				INFOPLIST_FILE = dicTests/Info.plist;
				IPHONEOS_DEPLOYMENT_TARGET = 13.0;
				LD_RUNPATH_SEARCH_PATHS = (
					"$(inherited)",
					"@executable_path/Frameworks",
					"@loader_path/Frameworks",
				);
				PRODUCT_BUNDLE_IDENTIFIER = com.indium.dicTests;
				PRODUCT_NAME = "$(TARGET_NAME)";
				SWIFT_VERSION = 5.0;
				TARGETED_DEVICE_FAMILY = "1,2";
				TEST_HOST = "$(BUILT_PRODUCTS_DIR)/dic.app/dic";
			};
			name = Release;
		};
		7641658A24E6CC2D00B7D0EF /* Debug */ = {
			isa = XCBuildConfiguration;
			buildSettings = {
				ALWAYS_EMBED_SWIFT_STANDARD_LIBRARIES = YES;
				CODE_SIGN_STYLE = Automatic;
				INFOPLIST_FILE = dicUITests/Info.plist;
				LD_RUNPATH_SEARCH_PATHS = (
					"$(inherited)",
					"@executable_path/Frameworks",
					"@loader_path/Frameworks",
				);
				PRODUCT_BUNDLE_IDENTIFIER = com.indium.dicUITests;
				PRODUCT_NAME = "$(TARGET_NAME)";
				SWIFT_VERSION = 5.0;
				TARGETED_DEVICE_FAMILY = "1,2";
				TEST_TARGET_NAME = dic;
			};
			name = Debug;
		};
		7641658B24E6CC2D00B7D0EF /* Release */ = {
			isa = XCBuildConfiguration;
			buildSettings = {
				ALWAYS_EMBED_SWIFT_STANDARD_LIBRARIES = YES;
				CODE_SIGN_STYLE = Automatic;
				INFOPLIST_FILE = dicUITests/Info.plist;
				LD_RUNPATH_SEARCH_PATHS = (
					"$(inherited)",
					"@executable_path/Frameworks",
					"@loader_path/Frameworks",
				);
				PRODUCT_BUNDLE_IDENTIFIER = com.indium.dicUITests;
				PRODUCT_NAME = "$(TARGET_NAME)";
				SWIFT_VERSION = 5.0;
				TARGETED_DEVICE_FAMILY = "1,2";
				TEST_TARGET_NAME = dic;
			};
			name = Release;
		};
/* End XCBuildConfiguration section */

/* Begin XCConfigurationList section */
		7641655424E6CC2A00B7D0EF /* Build configuration list for PBXProject "dic" */ = {
			isa = XCConfigurationList;
			buildConfigurations = (
				7641658124E6CC2D00B7D0EF /* Debug */,
				7641658224E6CC2D00B7D0EF /* Release */,
			);
			defaultConfigurationIsVisible = 0;
			defaultConfigurationName = Release;
		};
		7641658324E6CC2D00B7D0EF /* Build configuration list for PBXNativeTarget "dic" */ = {
			isa = XCConfigurationList;
			buildConfigurations = (
				7641658424E6CC2D00B7D0EF /* Debug */,
				7641658524E6CC2D00B7D0EF /* Release */,
			);
			defaultConfigurationIsVisible = 0;
			defaultConfigurationName = Release;
		};
		7641658624E6CC2D00B7D0EF /* Build configuration list for PBXNativeTarget "dicTests" */ = {
			isa = XCConfigurationList;
			buildConfigurations = (
				7641658724E6CC2D00B7D0EF /* Debug */,
				7641658824E6CC2D00B7D0EF /* Release */,
			);
			defaultConfigurationIsVisible = 0;
			defaultConfigurationName = Release;
		};
		7641658924E6CC2D00B7D0EF /* Build configuration list for PBXNativeTarget "dicUITests" */ = {
			isa = XCConfigurationList;
			buildConfigurations = (
				7641658A24E6CC2D00B7D0EF /* Debug */,
				7641658B24E6CC2D00B7D0EF /* Release */,
			);
			defaultConfigurationIsVisible = 0;
			defaultConfigurationName = Release;
		};
/* End XCConfigurationList section */
	};
	rootObject = 7641655124E6CC2A00B7D0EF /* Project object */;
}
